
Microsoft Visual Studio Solution File, Format Version 12.00
# Visual Studio Version 17
VisualStudioVersion = 17.12.35707.178 d17.12
MinimumVisualStudioVersion = 10.0.40219.1
Project("{FAE04EC0-301F-11D3-BF4B-00C04F79EFBC}") = "ApiGateWay", "ApiGateWay\ApiGateWay.csproj", "{3CE4A8DB-4649-47E4-904F-F4744C6D6B66}"
EndProject
Project("{2150E333-8FDC-42A3-9474-1A3956D46DE8}") = "Services", "Services", "{AAF94469-8844-448A-8604-24425AB2B0A3}"
EndProject
Project("{FAE04EC0-301F-11D3-BF4B-00C04F79EFBC}") = "Contact.API", "Services\ContactAPI\Contact.API\Contact.API.csproj", "{1EE63220-3FF6-4D73-B702-9863499A5A88}"
EndProject
Project("{FAE04EC0-301F-11D3-BF4B-00C04F79EFBC}") = "Reservation.API", "Services\ResAPI\Reservation.API\Reservation.API.csproj", "{94B1E394-4EBE-465E-8677-E1603D884622}"
EndProject
Project("{2150E333-8FDC-42A3-9474-1A3956D46DE8}") = "ContactAPI", "ContactAPI", "{AFE1D62E-9086-4694-909E-CEF022B61A0F}"
EndProject
Project("{2150E333-8FDC-42A3-9474-1A3956D46DE8}") = "ReservationAPI", "ReservationAPI", "{7440F5E4-64A3-47DB-AD38-FF86FA4A915D}"
EndProject
Project("{FAE04EC0-301F-11D3-BF4B-00C04F79EFBC}") = "Contact.API.Infsracture", "Services\ContactAPI\Contact.API.Infsracture\Contact.API.Infsracture.csproj", "{403FE20C-EE98-40AD-904B-9E052CDE16DA}"
EndProject
Project("{FAE04EC0-301F-11D3-BF4B-00C04F79EFBC}") = "Contact.API.Models", "Services\ContactAPI\Contact.API.Models\Contact.API.Models.csproj", "{68EC1C93-CF9E-4DF8-95BE-5481A21076BD}"
EndProject
Project("{FAE04EC0-301F-11D3-BF4B-00C04F79EFBC}") = "Contact.API.Services", "Services\ContactAPI\Contact.API.Services\Contact.API.Services.csproj", "{6FD28FDE-C2C5-4EA1-B491-8F28321BD3C6}"
EndProject
Project("{FAE04EC0-301F-11D3-BF4B-00C04F79EFBC}") = "Reservation.API.Infsracture", "Services\ResAPI\Reservation.API.Infsracture\Reservation.API.Infsracture.csproj", "{0BD5CD0E-7661-475F-A5FD-71C733414DCC}"
EndProject
Project("{FAE04EC0-301F-11D3-BF4B-00C04F79EFBC}") = "Reservation.API.Models", "Services\ResAPI\Reservation.API.Models\Reservation.API.Models.csproj", "{04A5BD3E-AA29-40AF-93A6-5EC8BDAB8E66}"
EndProject
Project("{FAE04EC0-301F-11D3-BF4B-00C04F79EFBC}") = "Reservation.API.Services", "Services\ResAPI\Reservation.API.Services\Reservation.API.Services.csproj", "{BD11836A-A2C8-49B8-9AA3-246D0061404C}"
EndProject
Global
	GlobalSection(SolutionConfigurationPlatforms) = preSolution
		Debug|Any CPU = Debug|Any CPU
		Release|Any CPU = Release|Any CPU
	EndGlobalSection
	GlobalSection(ProjectConfigurationPlatforms) = postSolution
		{3CE4A8DB-4649-47E4-904F-F4744C6D6B66}.Debug|Any CPU.ActiveCfg = Debug|Any CPU
		{3CE4A8DB-4649-47E4-904F-F4744C6D6B66}.Debug|Any CPU.Build.0 = Debug|Any CPU
		{3CE4A8DB-4649-47E4-904F-F4744C6D6B66}.Release|Any CPU.ActiveCfg = Release|Any CPU
		{3CE4A8DB-4649-47E4-904F-F4744C6D6B66}.Release|Any CPU.Build.0 = Release|Any CPU
		{1EE63220-3FF6-4D73-B702-9863499A5A88}.Debug|Any CPU.ActiveCfg = Debug|Any CPU
		{1EE63220-3FF6-4D73-B702-9863499A5A88}.Debug|Any CPU.Build.0 = Debug|Any CPU
		{1EE63220-3FF6-4D73-B702-9863499A5A88}.Release|Any CPU.ActiveCfg = Release|Any CPU
		{1EE63220-3FF6-4D73-B702-9863499A5A88}.Release|Any CPU.Build.0 = Release|Any CPU
		{94B1E394-4EBE-465E-8677-E1603D884622}.Debug|Any CPU.ActiveCfg = Debug|Any CPU
		{94B1E394-4EBE-465E-8677-E1603D884622}.Debug|Any CPU.Build.0 = Debug|Any CPU
		{94B1E394-4EBE-465E-8677-E1603D884622}.Release|Any CPU.ActiveCfg = Release|Any CPU
		{94B1E394-4EBE-465E-8677-E1603D884622}.Release|Any CPU.Build.0 = Release|Any CPU
		{403FE20C-EE98-40AD-904B-9E052CDE16DA}.Debug|Any CPU.ActiveCfg = Debug|Any CPU
		{403FE20C-EE98-40AD-904B-9E052CDE16DA}.Debug|Any CPU.Build.0 = Debug|Any CPU
		{403FE20C-EE98-40AD-904B-9E052CDE16DA}.Release|Any CPU.ActiveCfg = Release|Any CPU
		{403FE20C-EE98-40AD-904B-9E052CDE16DA}.Release|Any CPU.Build.0 = Release|Any CPU
		{68EC1C93-CF9E-4DF8-95BE-5481A21076BD}.Debug|Any CPU.ActiveCfg = Debug|Any CPU
		{68EC1C93-CF9E-4DF8-95BE-5481A21076BD}.Debug|Any CPU.Build.0 = Debug|Any CPU
		{68EC1C93-CF9E-4DF8-95BE-5481A21076BD}.Release|Any CPU.ActiveCfg = Release|Any CPU
		{68EC1C93-CF9E-4DF8-95BE-5481A21076BD}.Release|Any CPU.Build.0 = Release|Any CPU
		{6FD28FDE-C2C5-4EA1-B491-8F28321BD3C6}.Debug|Any CPU.ActiveCfg = Debug|Any CPU
		{6FD28FDE-C2C5-4EA1-B491-8F28321BD3C6}.Debug|Any CPU.Build.0 = Debug|Any CPU
		{6FD28FDE-C2C5-4EA1-B491-8F28321BD3C6}.Release|Any CPU.ActiveCfg = Release|Any CPU
		{6FD28FDE-C2C5-4EA1-B491-8F28321BD3C6}.Release|Any CPU.Build.0 = Release|Any CPU
		{0BD5CD0E-7661-475F-A5FD-71C733414DCC}.Debug|Any CPU.ActiveCfg = Debug|Any CPU
		{0BD5CD0E-7661-475F-A5FD-71C733414DCC}.Debug|Any CPU.Build.0 = Debug|Any CPU
		{0BD5CD0E-7661-475F-A5FD-71C733414DCC}.Release|Any CPU.ActiveCfg = Release|Any CPU
		{0BD5CD0E-7661-475F-A5FD-71C733414DCC}.Release|Any CPU.Build.0 = Release|Any CPU
		{04A5BD3E-AA29-40AF-93A6-5EC8BDAB8E66}.Debug|Any CPU.ActiveCfg = Debug|Any CPU
		{04A5BD3E-AA29-40AF-93A6-5EC8BDAB8E66}.Debug|Any CPU.Build.0 = Debug|Any CPU
		{04A5BD3E-AA29-40AF-93A6-5EC8BDAB8E66}.Release|Any CPU.ActiveCfg = Release|Any CPU
		{04A5BD3E-AA29-40AF-93A6-5EC8BDAB8E66}.Release|Any CPU.Build.0 = Release|Any CPU
		{BD11836A-A2C8-49B8-9AA3-246D0061404C}.Debug|Any CPU.ActiveCfg = Debug|Any CPU
		{BD11836A-A2C8-49B8-9AA3-246D0061404C}.Debug|Any CPU.Build.0 = Debug|Any CPU
		{BD11836A-A2C8-49B8-9AA3-246D0061404C}.Release|Any CPU.ActiveCfg = Release|Any CPU
		{BD11836A-A2C8-49B8-9AA3-246D0061404C}.Release|Any CPU.Build.0 = Release|Any CPU
	EndGlobalSection
	GlobalSection(SolutionProperties) = preSolution
		HideSolutionNode = FALSE
	EndGlobalSection
	GlobalSection(NestedProjects) = preSolution
		{1EE63220-3FF6-4D73-B702-9863499A5A88} = {AFE1D62E-9086-4694-909E-CEF022B61A0F}
		{94B1E394-4EBE-465E-8677-E1603D884622} = {7440F5E4-64A3-47DB-AD38-FF86FA4A915D}
		{AFE1D62E-9086-4694-909E-CEF022B61A0F} = {AAF94469-8844-448A-8604-24425AB2B0A3}
		{7440F5E4-64A3-47DB-AD38-FF86FA4A915D} = {AAF94469-8844-448A-8604-24425AB2B0A3}
		{403FE20C-EE98-40AD-904B-9E052CDE16DA} = {AFE1D62E-9086-4694-909E-CEF022B61A0F}
		{68EC1C93-CF9E-4DF8-95BE-5481A21076BD} = {AFE1D62E-9086-4694-909E-CEF022B61A0F}
		{6FD28FDE-C2C5-4EA1-B491-8F28321BD3C6} = {AFE1D62E-9086-4694-909E-CEF022B61A0F}
		{0BD5CD0E-7661-475F-A5FD-71C733414DCC} = {7440F5E4-64A3-47DB-AD38-FF86FA4A915D}
		{04A5BD3E-AA29-40AF-93A6-5EC8BDAB8E66} = {7440F5E4-64A3-47DB-AD38-FF86FA4A915D}
		{BD11836A-A2C8-49B8-9AA3-246D0061404C} = {7440F5E4-64A3-47DB-AD38-FF86FA4A915D}
	EndGlobalSection
EndGlobal
